
Microsoft Visual Studio Solution File, Format Version 12.00
# Visual Studio Version 17
VisualStudioVersion = 17.5.33516.290
MinimumVisualStudioVersion = 10.0.40219.1
Project("{9A19103F-16F7-4668-BE54-9A1E7A4F7556}") = "CompetitionApp", "CompetitionApp\CompetitionApp.csproj", "{1F8D4D8B-B228-4A7C-86CA-1F86A0292AD4}"
EndProject
Project("{9A19103F-16F7-4668-BE54-9A1E7A4F7556}") = "UnitTests", "UnitTests\UnitTests.csproj", "{81B32D43-882F-4C43-B356-21CAFDA8C4CE}"
EndProject
Project("{FAE04EC0-301F-11D3-BF4B-00C04F79EFBC}") = "API", "API\API.csproj", "{FDDDC680-2EFD-4C8D-A223-9A540DBC0DAB}"
EndProject
Project("{FAE04EC0-301F-11D3-BF4B-00C04F79EFBC}") = "Services", "Services\Services.csproj", "{159073C8-5AF7-41C8-AF04-DBC23421FA80}"
EndProject
Global
	GlobalSection(SolutionConfigurationPlatforms) = preSolution
		Debug|Any CPU = Debug|Any CPU
		Release|Any CPU = Release|Any CPU
	EndGlobalSection
	GlobalSection(ProjectConfigurationPlatforms) = postSolution
		{1F8D4D8B-B228-4A7C-86CA-1F86A0292AD4}.Debug|Any CPU.ActiveCfg = Debug|Any CPU
		{1F8D4D8B-B228-4A7C-86CA-1F86A0292AD4}.Debug|Any CPU.Build.0 = Debug|Any CPU
		{1F8D4D8B-B228-4A7C-86CA-1F86A0292AD4}.Release|Any CPU.ActiveCfg = Release|Any CPU
		{1F8D4D8B-B228-4A7C-86CA-1F86A0292AD4}.Release|Any CPU.Build.0 = Release|Any CPU
		{81B32D43-882F-4C43-B356-21CAFDA8C4CE}.Debug|Any CPU.ActiveCfg = Debug|Any CPU
		{81B32D43-882F-4C43-B356-21CAFDA8C4CE}.Debug|Any CPU.Build.0 = Debug|Any CPU
		{81B32D43-882F-4C43-B356-21CAFDA8C4CE}.Release|Any CPU.ActiveCfg = Release|Any CPU
		{81B32D43-882F-4C43-B356-21CAFDA8C4CE}.Release|Any CPU.Build.0 = Release|Any CPU
		{FDDDC680-2EFD-4C8D-A223-9A540DBC0DAB}.Debug|Any CPU.ActiveCfg = Debug|Any CPU
		{FDDDC680-2EFD-4C8D-A223-9A540DBC0DAB}.Debug|Any CPU.Build.0 = Debug|Any CPU
		{FDDDC680-2EFD-4C8D-A223-9A540DBC0DAB}.Release|Any CPU.ActiveCfg = Release|Any CPU
		{FDDDC680-2EFD-4C8D-A223-9A540DBC0DAB}.Release|Any CPU.Build.0 = Release|Any CPU
		{159073C8-5AF7-41C8-AF04-DBC23421FA80}.Debug|Any CPU.ActiveCfg = Debug|Any CPU
		{159073C8-5AF7-41C8-AF04-DBC23421FA80}.Debug|Any CPU.Build.0 = Debug|Any CPU
		{159073C8-5AF7-41C8-AF04-DBC23421FA80}.Release|Any CPU.ActiveCfg = Release|Any CPU
		{159073C8-5AF7-41C8-AF04-DBC23421FA80}.Release|Any CPU.Build.0 = Release|Any CPU
	EndGlobalSection
	GlobalSection(SolutionProperties) = preSolution
		HideSolutionNode = FALSE
	EndGlobalSection
	GlobalSection(ExtensibilityGlobals) = postSolution
		SolutionGuid = {AA8EBC40-8CE2-4054-90BD-F10C2460E258}
	EndGlobalSection
EndGlobal
